
Microsoft Visual Studio Solution File, Format Version 12.00
# Visual Studio Version 17
VisualStudioVersion = 17.11.35312.102
MinimumVisualStudioVersion = 10.0.40219.1
Project("{9A19103F-16F7-4668-BE54-9A1E7A4F7556}") = "AzureFunctionPOC", "AzureFunctionPOC\AzureFunctionPOC.csproj", "{F124BBE4-5119-4507-A989-4FEA4C00F4E1}"
EndProject
Project("{2150E333-8FDC-42A3-9474-1A3956D46DE8}") = "AzureFunctionExample", "AzureFunctionExample", "{A6027945-499E-4352-80AF-CC3D92320B91}"
EndProject
Project("{9A19103F-16F7-4668-BE54-9A1E7A4F7556}") = "AzureFunctionAppd", "AzureFunctionAppd\AzureFunctionAppd.csproj", "{5EDE0D47-71CF-457C-89FF-D3D9489D692D}"
EndProject
Global
	GlobalSection(SolutionConfigurationPlatforms) = preSolution
		Debug|Any CPU = Debug|Any CPU
		Release|Any CPU = Release|Any CPU
	EndGlobalSection
	GlobalSection(ProjectConfigurationPlatforms) = postSolution
		{F124BBE4-5119-4507-A989-4FEA4C00F4E1}.Debug|Any CPU.ActiveCfg = Debug|Any CPU
		{F124BBE4-5119-4507-A989-4FEA4C00F4E1}.Debug|Any CPU.Build.0 = Debug|Any CPU
		{F124BBE4-5119-4507-A989-4FEA4C00F4E1}.Release|Any CPU.ActiveCfg = Release|Any CPU
		{F124BBE4-5119-4507-A989-4FEA4C00F4E1}.Release|Any CPU.Build.0 = Release|Any CPU
		{5EDE0D47-71CF-457C-89FF-D3D9489D692D}.Debug|Any CPU.ActiveCfg = Debug|Any CPU
		{5EDE0D47-71CF-457C-89FF-D3D9489D692D}.Debug|Any CPU.Build.0 = Debug|Any CPU
		{5EDE0D47-71CF-457C-89FF-D3D9489D692D}.Release|Any CPU.ActiveCfg = Release|Any CPU
		{5EDE0D47-71CF-457C-89FF-D3D9489D692D}.Release|Any CPU.Build.0 = Release|Any CPU
	EndGlobalSection
	GlobalSection(SolutionProperties) = preSolution
		HideSolutionNode = FALSE
	EndGlobalSection
	GlobalSection(NestedProjects) = preSolution
		{F124BBE4-5119-4507-A989-4FEA4C00F4E1} = {A6027945-499E-4352-80AF-CC3D92320B91}
		{5EDE0D47-71CF-457C-89FF-D3D9489D692D} = {A6027945-499E-4352-80AF-CC3D92320B91}
	EndGlobalSection
	GlobalSection(ExtensibilityGlobals) = postSolution
		SolutionGuid = {C9FC0021-08CB-4A3C-AAF0-1FE28592470D}
	EndGlobalSection
EndGlobal
